// !$*UTF8*$!
{
	archiveVersion = 1;
	classes = {
	};
	objectVersion = 48;
	objects = {

/* Begin PBXBuildFile section */
		0137B42820B2C63E0026EA9A /* AppDelegate.swift in Sources */ = {isa = PBXBuildFile; fileRef = 0137B42720B2C63E0026EA9A /* AppDelegate.swift */; };
		0137B42A20B2C63E0026EA9A /* ViewController.swift in Sources */ = {isa = PBXBuildFile; fileRef = 0137B42920B2C63E0026EA9A /* ViewController.swift */; };
		0137B42D20B2C63E0026EA9A /* Main.storyboard in Resources */ = {isa = PBXBuildFile; fileRef = 0137B42B20B2C63E0026EA9A /* Main.storyboard */; };
		0137B42F20B2C63E0026EA9A /* Assets.xcassets in Resources */ = {isa = PBXBuildFile; fileRef = 0137B42E20B2C63E0026EA9A /* Assets.xcassets */; };
		0137B43220B2C63E0026EA9A /* LaunchScreen.storyboard in Resources */ = {isa = PBXBuildFile; fileRef = 0137B43020B2C63E0026EA9A /* LaunchScreen.storyboard */; };
		0137B43A20B326030026EA9A /* data_permissions.html in Resources */ = {isa = PBXBuildFile; fileRef = 0137B43920B326030026EA9A /* data_permissions.html */; };
		015737D620B32B8E00759E21 /* app.v2.css in Resources */ = {isa = PBXBuildFile; fileRef = 015737D520B32B8E00759E21 /* app.v2.css */; };
		015737D820B32BC500759E21 /* custom.css in Resources */ = {isa = PBXBuildFile; fileRef = 015737D720B32BC500759E21 /* custom.css */; };
		015737DA20B32BEF00759E21 /* font.css in Resources */ = {isa = PBXBuildFile; fileRef = 015737D920B32BEF00759E21 /* font.css */; };
		015737DC20B32C1F00759E21 /* icon1.png in Resources */ = {isa = PBXBuildFile; fileRef = 015737DB20B32C1F00759E21 /* icon1.png */; };
		015737DE20B32C3800759E21 /* icon2.png in Resources */ = {isa = PBXBuildFile; fileRef = 015737DD20B32C3800759E21 /* icon2.png */; };
		015737E020B32C8200759E21 /* roaming_faq.html in Resources */ = {isa = PBXBuildFile; fileRef = 015737DF20B32C8200759E21 /* roaming_faq.html */; };
		015737E220B32CAE00759E21 /* roamingdiscounts.html in Resources */ = {isa = PBXBuildFile; fileRef = 015737E120B32CAE00759E21 /* roamingdiscounts.html */; };
		015737E420B32CD500759E21 /* simswap.html in Resources */ = {isa = PBXBuildFile; fileRef = 015737E320B32CD500759E21 /* simswap.html */; };
		015737E620B32D0500759E21 /* slidebars.min.css in Resources */ = {isa = PBXBuildFile; fileRef = 015737E520B32D0500759E21 /* slidebars.min.css */; };
		015737EA20B32D2900759E21 /* terms_and_conditions.html in Resources */ = {isa = PBXBuildFile; fileRef = 015737E720B32D2900759E21 /* terms_and_conditions.html */; };
		015737EB20B32D2900759E21 /* terms_netperform.html in Resources */ = {isa = PBXBuildFile; fileRef = 015737E820B32D2900759E21 /* terms_netperform.html */; };
		015737EC20B32D2900759E21 /* terms.css in Resources */ = {isa = PBXBuildFile; fileRef = 015737E920B32D2900759E21 /* terms.css */; };
		01628B5920B42AA100D5CD3F /* VodafoneRg_Bd.ttf in Resources */ = {isa = PBXBuildFile; fileRef = 01628B5720B4293400D5CD3F /* VodafoneRg_Bd.ttf */; };
		01628B5A20B42AC300D5CD3F /* VodafoneRg.ttf in Resources */ = {isa = PBXBuildFile; fileRef = 01628B5420B4293400D5CD3F /* VodafoneRg.ttf */; };
		01628B5C20B44C4000D5CD3F /* LoginViewController.swift in Sources */ = {isa = PBXBuildFile; fileRef = 01628B5B20B44C4000D5CD3F /* LoginViewController.swift */; };
		01628B5E20B46CC300D5CD3F /* RegisterViewController.swift in Sources */ = {isa = PBXBuildFile; fileRef = 01628B5D20B46CC300D5CD3F /* RegisterViewController.swift */; };
		01628B6020B4963900D5CD3F /* PasswordRecoveryViewController.swift in Sources */ = {isa = PBXBuildFile; fileRef = 01628B5F20B4963900D5CD3F /* PasswordRecoveryViewController.swift */; };
/* End PBXBuildFile section */

/* Begin PBXFileReference section */
		0137B42420B2C63E0026EA9A /* My Vodafone.app */ = {isa = PBXFileReference; explicitFileType = wrapper.application; includeInIndex = 0; path = "My Vodafone.app"; sourceTree = BUILT_PRODUCTS_DIR; };
		0137B42720B2C63E0026EA9A /* AppDelegate.swift */ = {isa = PBXFileReference; lastKnownFileType = sourcecode.swift; path = AppDelegate.swift; sourceTree = "<group>"; };
		0137B42920B2C63E0026EA9A /* ViewController.swift */ = {isa = PBXFileReference; lastKnownFileType = sourcecode.swift; path = ViewController.swift; sourceTree = "<group>"; };
		0137B42C20B2C63E0026EA9A /* Base */ = {isa = PBXFileReference; lastKnownFileType = file.storyboard; name = Base; path = Base.lproj/Main.storyboard; sourceTree = "<group>"; };
		0137B42E20B2C63E0026EA9A /* Assets.xcassets */ = {isa = PBXFileReference; lastKnownFileType = folder.assetcatalog; path = Assets.xcassets; sourceTree = "<group>"; };
		0137B43120B2C63E0026EA9A /* Base */ = {isa = PBXFileReference; lastKnownFileType = file.storyboard; name = Base; path = Base.lproj/LaunchScreen.storyboard; sourceTree = "<group>"; };
		0137B43320B2C63E0026EA9A /* Info.plist */ = {isa = PBXFileReference; lastKnownFileType = text.plist.xml; path = Info.plist; sourceTree = "<group>"; };
		0137B43920B326030026EA9A /* data_permissions.html */ = {isa = PBXFileReference; lastKnownFileType = text.html; path = data_permissions.html; sourceTree = "<group>"; };
		015737D520B32B8E00759E21 /* app.v2.css */ = {isa = PBXFileReference; lastKnownFileType = text.css; path = app.v2.css; sourceTree = "<group>"; };
		015737D720B32BC500759E21 /* custom.css */ = {isa = PBXFileReference; lastKnownFileType = text.css; path = custom.css; sourceTree = "<group>"; };
		015737D920B32BEF00759E21 /* font.css */ = {isa = PBXFileReference; lastKnownFileType = text.css; path = font.css; sourceTree = "<group>"; };
		015737DB20B32C1F00759E21 /* icon1.png */ = {isa = PBXFileReference; lastKnownFileType = image.png; path = icon1.png; sourceTree = "<group>"; };
		015737DD20B32C3800759E21 /* icon2.png */ = {isa = PBXFileReference; lastKnownFileType = image.png; path = icon2.png; sourceTree = "<group>"; };
		015737DF20B32C8200759E21 /* roaming_faq.html */ = {isa = PBXFileReference; lastKnownFileType = text.html; path = roaming_faq.html; sourceTree = "<group>"; };
		015737E120B32CAE00759E21 /* roamingdiscounts.html */ = {isa = PBXFileReference; lastKnownFileType = text.html; path = roamingdiscounts.html; sourceTree = "<group>"; };
		015737E320B32CD500759E21 /* simswap.html */ = {isa = PBXFileReference; lastKnownFileType = text.html; path = simswap.html; sourceTree = "<group>"; };
		015737E520B32D0500759E21 /* slidebars.min.css */ = {isa = PBXFileReference; lastKnownFileType = text.css; path = slidebars.min.css; sourceTree = "<group>"; };
		015737E720B32D2900759E21 /* terms_and_conditions.html */ = {isa = PBXFileReference; fileEncoding = 4; lastKnownFileType = text.html; path = terms_and_conditions.html; sourceTree = "<group>"; };
		015737E820B32D2900759E21 /* terms_netperform.html */ = {isa = PBXFileReference; fileEncoding = 4; lastKnownFileType = text.html; path = terms_netperform.html; sourceTree = "<group>"; };
		015737E920B32D2900759E21 /* terms.css */ = {isa = PBXFileReference; fileEncoding = 4; lastKnownFileType = text.css; path = terms.css; sourceTree = "<group>"; };
		01628B5220B4293400D5CD3F /* Roboto-Medium.ttf */ = {isa = PBXFileReference; lastKnownFileType = file; path = "Roboto-Medium.ttf"; sourceTree = "<group>"; };
		01628B5320B4293400D5CD3F /* VodafoneLt.ttf */ = {isa = PBXFileReference; lastKnownFileType = file; path = VodafoneLt.ttf; sourceTree = "<group>"; };
		01628B5420B4293400D5CD3F /* VodafoneRg.ttf */ = {isa = PBXFileReference; lastKnownFileType = file; path = VodafoneRg.ttf; sourceTree = "<group>"; };
		01628B5520B4293400D5CD3F /* Roboto-Light.ttf */ = {isa = PBXFileReference; lastKnownFileType = file; path = "Roboto-Light.ttf"; sourceTree = "<group>"; };
		01628B5620B4293400D5CD3F /* Roboto-Thin.ttf */ = {isa = PBXFileReference; lastKnownFileType = file; path = "Roboto-Thin.ttf"; sourceTree = "<group>"; };
		01628B5720B4293400D5CD3F /* VodafoneRg_Bd.ttf */ = {isa = PBXFileReference; lastKnownFileType = file; path = VodafoneRg_Bd.ttf; sourceTree = "<group>"; };
		01628B5820B4293400D5CD3F /* Roboto-Regular.ttf */ = {isa = PBXFileReference; lastKnownFileType = file; path = "Roboto-Regular.ttf"; sourceTree = "<group>"; };
		01628B5B20B44C4000D5CD3F /* LoginViewController.swift */ = {isa = PBXFileReference; lastKnownFileType = sourcecode.swift; path = LoginViewController.swift; sourceTree = "<group>"; };
		01628B5D20B46CC300D5CD3F /* RegisterViewController.swift */ = {isa = PBXFileReference; lastKnownFileType = sourcecode.swift; path = RegisterViewController.swift; sourceTree = "<group>"; };
		01628B5F20B4963900D5CD3F /* PasswordRecoveryViewController.swift */ = {isa = PBXFileReference; lastKnownFileType = sourcecode.swift; path = PasswordRecoveryViewController.swift; sourceTree = "<group>"; };
/* End PBXFileReference section */

/* Begin PBXFrameworksBuildPhase section */
		0137B42120B2C63E0026EA9A /* Frameworks */ = {
			isa = PBXFrameworksBuildPhase;
			buildActionMask = 2147483647;
			files = (
			);
			runOnlyForDeploymentPostprocessing = 0;
		};
/* End PBXFrameworksBuildPhase section */

/* Begin PBXGroup section */
		0137B41B20B2C63E0026EA9A = {
			isa = PBXGroup;
			children = (
				0137B42620B2C63E0026EA9A /* My Vodafone */,
				0137B42520B2C63E0026EA9A /* Products */,
			);
			sourceTree = "<group>";
		};
		0137B42520B2C63E0026EA9A /* Products */ = {
			isa = PBXGroup;
			children = (
				0137B42420B2C63E0026EA9A /* My Vodafone.app */,
			);
			name = Products;
			sourceTree = "<group>";
		};
		0137B42620B2C63E0026EA9A /* My Vodafone */ = {
			isa = PBXGroup;
			children = (
				01628B5120B428FF00D5CD3F /* fonts */,
				0137B43B20B3270F0026EA9A /* htmls */,
				0137B42720B2C63E0026EA9A /* AppDelegate.swift */,
				0137B42920B2C63E0026EA9A /* ViewController.swift */,
				0137B42B20B2C63E0026EA9A /* Main.storyboard */,
				01628B5B20B44C4000D5CD3F /* LoginViewController.swift */,
				0137B42E20B2C63E0026EA9A /* Assets.xcassets */,
				0137B43020B2C63E0026EA9A /* LaunchScreen.storyboard */,
				0137B43320B2C63E0026EA9A /* Info.plist */,
				01628B5D20B46CC300D5CD3F /* RegisterViewController.swift */,
				01628B5F20B4963900D5CD3F /* PasswordRecoveryViewController.swift */,
			);
			path = "My Vodafone";
			sourceTree = "<group>";
		};
		0137B43B20B3270F0026EA9A /* htmls */ = {
			isa = PBXGroup;
			children = (
				015737E720B32D2900759E21 /* terms_and_conditions.html */,
				015737E820B32D2900759E21 /* terms_netperform.html */,
				015737E920B32D2900759E21 /* terms.css */,
				015737DD20B32C3800759E21 /* icon2.png */,
				015737DB20B32C1F00759E21 /* icon1.png */,
				0137B43920B326030026EA9A /* data_permissions.html */,
				015737D520B32B8E00759E21 /* app.v2.css */,
				015737D720B32BC500759E21 /* custom.css */,
				015737D920B32BEF00759E21 /* font.css */,
				015737DF20B32C8200759E21 /* roaming_faq.html */,
				015737E120B32CAE00759E21 /* roamingdiscounts.html */,
				015737E320B32CD500759E21 /* simswap.html */,
				015737E520B32D0500759E21 /* slidebars.min.css */,
			);
			path = htmls;
			sourceTree = "<group>";
		};
		01628B5120B428FF00D5CD3F /* fonts */ = {
			isa = PBXGroup;
			children = (
				01628B5520B4293400D5CD3F /* Roboto-Light.ttf */,
				01628B5220B4293400D5CD3F /* Roboto-Medium.ttf */,
				01628B5820B4293400D5CD3F /* Roboto-Regular.ttf */,
				01628B5620B4293400D5CD3F /* Roboto-Thin.ttf */,
				01628B5320B4293400D5CD3F /* VodafoneLt.ttf */,
				01628B5720B4293400D5CD3F /* VodafoneRg_Bd.ttf */,
				01628B5420B4293400D5CD3F /* VodafoneRg.ttf */,
			);
			path = fonts;
			sourceTree = "<group>";
		};
/* End PBXGroup section */

/* Begin PBXNativeTarget section */
		0137B42320B2C63E0026EA9A /* My Vodafone */ = {
			isa = PBXNativeTarget;
			buildConfigurationList = 0137B43620B2C63E0026EA9A /* Build configuration list for PBXNativeTarget "My Vodafone" */;
			buildPhases = (
				0137B42020B2C63E0026EA9A /* Sources */,
				0137B42120B2C63E0026EA9A /* Frameworks */,
				0137B42220B2C63E0026EA9A /* Resources */,
			);
			buildRules = (
			);
			dependencies = (
			);
			name = "My Vodafone";
			productName = "My Vodafone";
			productReference = 0137B42420B2C63E0026EA9A /* My Vodafone.app */;
			productType = "com.apple.product-type.application";
		};
/* End PBXNativeTarget section */

/* Begin PBXProject section */
		0137B41C20B2C63E0026EA9A /* Project object */ = {
			isa = PBXProject;
			attributes = {
				LastSwiftUpdateCheck = 0920;
				LastUpgradeCheck = 0920;
				ORGANIZATIONNAME = "Chef Dennis Barimah";
				TargetAttributes = {
					0137B42320B2C63E0026EA9A = {
						CreatedOnToolsVersion = 9.2;
						ProvisioningStyle = Automatic;
					};
				};
			};
			buildConfigurationList = 0137B41F20B2C63E0026EA9A /* Build configuration list for PBXProject "My Vodafone" */;
			compatibilityVersion = "Xcode 8.0";
			developmentRegion = en;
			hasScannedForEncodings = 0;
			knownRegions = (
				en,
				Base,
			);
			mainGroup = 0137B41B20B2C63E0026EA9A;
			productRefGroup = 0137B42520B2C63E0026EA9A /* Products */;
			projectDirPath = "";
			projectRoot = "";
			targets = (
				0137B42320B2C63E0026EA9A /* My Vodafone */,
			);
		};
/* End PBXProject section */

/* Begin PBXResourcesBuildPhase section */
		0137B42220B2C63E0026EA9A /* Resources */ = {
			isa = PBXResourcesBuildPhase;
			buildActionMask = 2147483647;
			files = (
				015737D820B32BC500759E21 /* custom.css in Resources */,
				015737DA20B32BEF00759E21 /* font.css in Resources */,
				015737EB20B32D2900759E21 /* terms_netperform.html in Resources */,
				0137B43220B2C63E0026EA9A /* LaunchScreen.storyboard in Resources */,
				015737E020B32C8200759E21 /* roaming_faq.html in Resources */,
				0137B43A20B326030026EA9A /* data_permissions.html in Resources */,
				0137B42F20B2C63E0026EA9A /* Assets.xcassets in Resources */,
				015737EA20B32D2900759E21 /* terms_and_conditions.html in Resources */,
				015737E220B32CAE00759E21 /* roamingdiscounts.html in Resources */,
				015737E420B32CD500759E21 /* simswap.html in Resources */,
				015737E620B32D0500759E21 /* slidebars.min.css in Resources */,
				015737EC20B32D2900759E21 /* terms.css in Resources */,
				015737D620B32B8E00759E21 /* app.v2.css in Resources */,
				015737DC20B32C1F00759E21 /* icon1.png in Resources */,
				01628B5920B42AA100D5CD3F /* VodafoneRg_Bd.ttf in Resources */,
				01628B5A20B42AC300D5CD3F /* VodafoneRg.ttf in Resources */,
				0137B42D20B2C63E0026EA9A /* Main.storyboard in Resources */,
				015737DE20B32C3800759E21 /* icon2.png in Resources */,
			);
			runOnlyForDeploymentPostprocessing = 0;
		};
/* End PBXResourcesBuildPhase section */

/* Begin PBXSourcesBuildPhase section */
		0137B42020B2C63E0026EA9A /* Sources */ = {
			isa = PBXSourcesBuildPhase;
			buildActionMask = 2147483647;
			files = (
				01628B5C20B44C4000D5CD3F /* LoginViewController.swift in Sources */,
				0137B42A20B2C63E0026EA9A /* ViewController.swift in Sources */,
				0137B42820B2C63E0026EA9A /* AppDelegate.swift in Sources */,
				01628B6020B4963900D5CD3F /* PasswordRecoveryViewController.swift in Sources */,
				01628B5E20B46CC300D5CD3F /* RegisterViewController.swift in Sources */,
			);
			runOnlyForDeploymentPostprocessing = 0;
		};
/* End PBXSourcesBuildPhase section */

/* Begin PBXVariantGroup section */
		0137B42B20B2C63E0026EA9A /* Main.storyboard */ = {
			isa = PBXVariantGroup;
			children = (
				0137B42C20B2C63E0026EA9A /* Base */,
			);
			name = Main.storyboard;
			sourceTree = "<group>";
		};
		0137B43020B2C63E0026EA9A /* LaunchScreen.storyboard */ = {
			isa = PBXVariantGroup;
			children = (
				0137B43120B2C63E0026EA9A /* Base */,
			);
			name = LaunchScreen.storyboard;
			sourceTree = "<group>";
		};
/* End PBXVariantGroup section */

/* Begin XCBuildConfiguration section */
		0137B43420B2C63E0026EA9A /* Debug */ = {
			isa = XCBuildConfiguration;
			buildSettings = {
				ALWAYS_SEARCH_USER_PATHS = NO;
				CLANG_ANALYZER_NONNULL = YES;
				CLANG_ANALYZER_NUMBER_OBJECT_CONVERSION = YES_AGGRESSIVE;
				CLANG_CXX_LANGUAGE_STANDARD = "gnu++14";
				CLANG_CXX_LIBRARY = "libc++";
				CLANG_ENABLE_MODULES = YES;
				CLANG_ENABLE_OBJC_ARC = YES;
				CLANG_WARN_BLOCK_CAPTURE_AUTORELEASING = YES;
				CLANG_WARN_BOOL_CONVERSION = YES;
				CLANG_WARN_COMMA = YES;
				CLANG_WARN_CONSTANT_CONVERSION = YES;
				CLANG_WARN_DIRECT_OBJC_ISA_USAGE = YES_ERROR;
				CLANG_WARN_DOCUMENTATION_COMMENTS = YES;
				CLANG_WARN_EMPTY_BODY = YES;
				CLANG_WARN_ENUM_CONVERSION = YES;
				CLANG_WARN_INFINITE_RECURSION = YES;
				CLANG_WARN_INT_CONVERSION = YES;
				CLANG_WARN_NON_LITERAL_NULL_CONVERSION = YES;
				CLANG_WARN_OBJC_LITERAL_CONVERSION = YES;
				CLANG_WARN_OBJC_ROOT_CLASS = YES_ERROR;
				CLANG_WARN_RANGE_LOOP_ANALYSIS = YES;
				CLANG_WARN_STRICT_PROTOTYPES = YES;
				CLANG_WARN_SUSPICIOUS_MOVE = YES;
				CLANG_WARN_UNGUARDED_AVAILABILITY = YES_AGGRESSIVE;
				CLANG_WARN_UNREACHABLE_CODE = YES;
				CLANG_WARN__DUPLICATE_METHOD_MATCH = YES;
				CODE_SIGN_IDENTITY = "iPhone Developer";
				COPY_PHASE_STRIP = NO;
				DEBUG_INFORMATION_FORMAT = dwarf;
				ENABLE_STRICT_OBJC_MSGSEND = YES;
				ENABLE_TESTABILITY = YES;
				GCC_C_LANGUAGE_STANDARD = gnu11;
				GCC_DYNAMIC_NO_PIC = NO;
				GCC_NO_COMMON_BLOCKS = YES;
				GCC_OPTIMIZATION_LEVEL = 0;
				GCC_PREPROCESSOR_DEFINITIONS = (
					"DEBUG=1",
					"$(inherited)",
				);
				GCC_WARN_64_TO_32_BIT_CONVERSION = YES;
				GCC_WARN_ABOUT_RETURN_TYPE = YES_ERROR;
				GCC_WARN_UNDECLARED_SELECTOR = YES;
				GCC_WARN_UNINITIALIZED_AUTOS = YES_AGGRESSIVE;
				GCC_WARN_UNUSED_FUNCTION = YES;
				GCC_WARN_UNUSED_VARIABLE = YES;
				IPHONEOS_DEPLOYMENT_TARGET = 11.2;
				MTL_ENABLE_DEBUG_INFO = YES;
				ONLY_ACTIVE_ARCH = YES;
				SDKROOT = iphoneos;
				SWIFT_ACTIVE_COMPILATION_CONDITIONS = DEBUG;
				SWIFT_OPTIMIZATION_LEVEL = "-Onone";
			};
			name = Debug;
		};
		0137B43520B2C63E0026EA9A /* Release */ = {
			isa = XCBuildConfiguration;
			buildSettings = {
				ALWAYS_SEARCH_USER_PATHS = NO;
				CLANG_ANALYZER_NONNULL = YES;
				CLANG_ANALYZER_NUMBER_OBJECT_CONVERSION = YES_AGGRESSIVE;
				CLANG_CXX_LANGUAGE_STANDARD = "gnu++14";
				CLANG_CXX_LIBRARY = "libc++";
				CLANG_ENABLE_MODULES = YES;
				CLANG_ENABLE_OBJC_ARC = YES;
				CLANG_WARN_BLOCK_CAPTURE_AUTORELEASING = YES;
				CLANG_WARN_BOOL_CONVERSION = YES;
				CLANG_WARN_COMMA = YES;
				CLANG_WARN_CONSTANT_CONVERSION = YES;
				CLANG_WARN_DIRECT_OBJC_ISA_USAGE = YES_ERROR;
				CLANG_WARN_DOCUMENTATION_COMMENTS = YES;
				CLANG_WARN_EMPTY_BODY = YES;
				CLANG_WARN_ENUM_CONVERSION = YES;
				CLANG_WARN_INFINITE_RECURSION = YES;
				CLANG_WARN_INT_CONVERSION = YES;
				CLANG_WARN_NON_LITERAL_NULL_CONVERSION = YES;
				CLANG_WARN_OBJC_LITERAL_CONVERSION = YES;
				CLANG_WARN_OBJC_ROOT_CLASS = YES_ERROR;
				CLANG_WARN_RANGE_LOOP_ANALYSIS = YES;
				CLANG_WARN_STRICT_PROTOTYPES = YES;
				CLANG_WARN_SUSPICIOUS_MOVE = YES;
				CLANG_WARN_UNGUARDED_AVAILABILITY = YES_AGGRESSIVE;
				CLANG_WARN_UNREACHABLE_CODE = YES;
				CLANG_WARN__DUPLICATE_METHOD_MATCH = YES;
				CODE_SIGN_IDENTITY = "iPhone Developer";
				COPY_PHASE_STRIP = NO;
				DEBUG_INFORMATION_FORMAT = "dwarf-with-dsym";
				ENABLE_NS_ASSERTIONS = NO;
				ENABLE_STRICT_OBJC_MSGSEND = YES;
				GCC_C_LANGUAGE_STANDARD = gnu11;
				GCC_NO_COMMON_BLOCKS = YES;
				GCC_WARN_64_TO_32_BIT_CONVERSION = YES;
				GCC_WARN_ABOUT_RETURN_TYPE = YES_ERROR;
				GCC_WARN_UNDECLARED_SELECTOR = YES;
				GCC_WARN_UNINITIALIZED_AUTOS = YES_AGGRESSIVE;
				GCC_WARN_UNUSED_FUNCTION = YES;
				GCC_WARN_UNUSED_VARIABLE = YES;
				IPHONEOS_DEPLOYMENT_TARGET = 11.2;
				MTL_ENABLE_DEBUG_INFO = NO;
				SDKROOT = iphoneos;
				SWIFT_OPTIMIZATION_LEVEL = "-Owholemodule";
				VALIDATE_PRODUCT = YES;
			};
			name = Release;
		};
		0137B43720B2C63E0026EA9A /* Debug */ = {
			isa = XCBuildConfiguration;
			buildSettings = {
				ASSETCATALOG_COMPILER_APPICON_NAME = AppIcon;
				CODE_SIGN_STYLE = Automatic;
				INFOPLIST_FILE = "My Vodafone/Info.plist";
				LD_RUNPATH_SEARCH_PATHS = "$(inherited) @executable_path/Frameworks";
				PRODUCT_BUNDLE_IDENTIFIER = "com.vodafoneapps.My-Vodafone";
				PRODUCT_NAME = "$(TARGET_NAME)";
				SWIFT_VERSION = 4.0;
				TARGETED_DEVICE_FAMILY = "1,2";
			};
			name = Debug;
		};
		0137B43820B2C63E0026EA9A /* Release */ = {
			isa = XCBuildConfiguration;
			buildSettings = {
				ASSETCATALOG_COMPILER_APPICON_NAME = AppIcon;
				CODE_SIGN_STYLE = Automatic;
				INFOPLIST_FILE = "My Vodafone/Info.plist";
				LD_RUNPATH_SEARCH_PATHS = "$(inherited) @executable_path/Frameworks";
				PRODUCT_BUNDLE_IDENTIFIER = "com.vodafoneapps.My-Vodafone";
				PRODUCT_NAME = "$(TARGET_NAME)";
				SWIFT_VERSION = 4.0;
				TARGETED_DEVICE_FAMILY = "1,2";
			};
			name = Release;
		};
/* End XCBuildConfiguration section */

/* Begin XCConfigurationList section */
		0137B41F20B2C63E0026EA9A /* Build configuration list for PBXProject "My Vodafone" */ = {
			isa = XCConfigurationList;
			buildConfigurations = (
				0137B43420B2C63E0026EA9A /* Debug */,
				0137B43520B2C63E0026EA9A /* Release */,
			);
			defaultConfigurationIsVisible = 0;
			defaultConfigurationName = Release;
		};
		0137B43620B2C63E0026EA9A /* Build configuration list for PBXNativeTarget "My Vodafone" */ = {
			isa = XCConfigurationList;
			buildConfigurations = (
				0137B43720B2C63E0026EA9A /* Debug */,
				0137B43820B2C63E0026EA9A /* Release */,
			);
			defaultConfigurationIsVisible = 0;
			defaultConfigurationName = Release;
		};
/* End XCConfigurationList section */
	};
	rootObject = 0137B41C20B2C63E0026EA9A /* Project object */;
}
